
Microsoft Visual Studio Solution File, Format Version 11.00
# Visual Studio 2010
Project("{FAE04EC0-301F-11D3-BF4B-00C04F79EFBC}") = "FirstAttemptAtNoSQLTutorial", "FirstAttemptAtNoSQLTutorial\FirstAttemptAtNoSQLTutorial.csproj", "{AE7BA023-066C-487A-BC33-1D3DAA6F1F7E}"
EndProject
Global
	GlobalSection(SolutionConfigurationPlatforms) = preSolution
		Debug|x86 = Debug|x86
		Release|x86 = Release|x86
	EndGlobalSection
	GlobalSection(ProjectConfigurationPlatforms) = postSolution
		{AE7BA023-066C-487A-BC33-1D3DAA6F1F7E}.Debug|x86.ActiveCfg = Debug|x86
		{AE7BA023-066C-487A-BC33-1D3DAA6F1F7E}.Debug|x86.Build.0 = Debug|x86
		{AE7BA023-066C-487A-BC33-1D3DAA6F1F7E}.Release|x86.ActiveCfg = Release|x86
		{AE7BA023-066C-487A-BC33-1D3DAA6F1F7E}.Release|x86.Build.0 = Release|x86
	EndGlobalSection
	GlobalSection(SolutionProperties) = preSolution
		HideSolutionNode = FALSE
	EndGlobalSection
EndGlobal
